// !$*UTF8*$!
{
	archiveVersion = 1;
	classes = {
	};
	objectVersion = 48;
	objects = {

/* Begin PBXBuildFile section */
		839301D12303C1D300161805 /* Inter.swift in Sources */ = {isa = PBXBuildFile; fileRef = 839301D02303C1D300161805 /* Inter.swift */; };
		83FF226E23028EF5002549F0 /* AppDelegate.swift in Sources */ = {isa = PBXBuildFile; fileRef = 83FF226D23028EF5002549F0 /* AppDelegate.swift */; };
		83FF227023028EF5002549F0 /* ViewController.swift in Sources */ = {isa = PBXBuildFile; fileRef = 83FF226F23028EF5002549F0 /* ViewController.swift */; };
		83FF227323028EF5002549F0 /* Main.storyboard in Resources */ = {isa = PBXBuildFile; fileRef = 83FF227123028EF5002549F0 /* Main.storyboard */; };
		83FF227523028EF5002549F0 /* Assets.xcassets in Resources */ = {isa = PBXBuildFile; fileRef = 83FF227423028EF5002549F0 /* Assets.xcassets */; };
		83FF227823028EF5002549F0 /* LaunchScreen.storyboard in Resources */ = {isa = PBXBuildFile; fileRef = 83FF227623028EF5002549F0 /* LaunchScreen.storyboard */; };
		83FF228323028EF5002549F0 /* Tenth_And_Inter_Using_StructsTests.swift in Sources */ = {isa = PBXBuildFile; fileRef = 83FF228223028EF5002549F0 /* Tenth_And_Inter_Using_StructsTests.swift */; };
		83FF228E23028EF5002549F0 /* Tenth_And_Inter_Using_StructsUITests.swift in Sources */ = {isa = PBXBuildFile; fileRef = 83FF228D23028EF5002549F0 /* Tenth_And_Inter_Using_StructsUITests.swift */; };
		83FF229E23028F73002549F0 /* Tenth.swift in Sources */ = {isa = PBXBuildFile; fileRef = 83FF229D23028F73002549F0 /* Tenth.swift */; };
/* End PBXBuildFile section */

/* Begin PBXContainerItemProxy section */
		83FF227F23028EF5002549F0 /* PBXContainerItemProxy */ = {
			isa = PBXContainerItemProxy;
			containerPortal = 83FF226223028EF5002549F0 /* Project object */;
			proxyType = 1;
			remoteGlobalIDString = 83FF226923028EF5002549F0;
			remoteInfo = "Tenth And Inter Using Structs";
		};
		83FF228A23028EF5002549F0 /* PBXContainerItemProxy */ = {
			isa = PBXContainerItemProxy;
			containerPortal = 83FF226223028EF5002549F0 /* Project object */;
			proxyType = 1;
			remoteGlobalIDString = 83FF226923028EF5002549F0;
			remoteInfo = "Tenth And Inter Using Structs";
		};
/* End PBXContainerItemProxy section */

/* Begin PBXFileReference section */
		839301D02303C1D300161805 /* Inter.swift */ = {isa = PBXFileReference; lastKnownFileType = sourcecode.swift; path = Inter.swift; sourceTree = "<group>"; };
		83FF226A23028EF5002549F0 /* Tenth And Inter Using Structs.app */ = {isa = PBXFileReference; explicitFileType = wrapper.application; includeInIndex = 0; path = "Tenth And Inter Using Structs.app"; sourceTree = BUILT_PRODUCTS_DIR; };
		83FF226D23028EF5002549F0 /* AppDelegate.swift */ = {isa = PBXFileReference; lastKnownFileType = sourcecode.swift; path = AppDelegate.swift; sourceTree = "<group>"; };
		83FF226F23028EF5002549F0 /* ViewController.swift */ = {isa = PBXFileReference; lastKnownFileType = sourcecode.swift; path = ViewController.swift; sourceTree = "<group>"; };
		83FF227223028EF5002549F0 /* Base */ = {isa = PBXFileReference; lastKnownFileType = file.storyboard; name = Base; path = Base.lproj/Main.storyboard; sourceTree = "<group>"; };
		83FF227423028EF5002549F0 /* Assets.xcassets */ = {isa = PBXFileReference; lastKnownFileType = folder.assetcatalog; path = Assets.xcassets; sourceTree = "<group>"; };
		83FF227723028EF5002549F0 /* Base */ = {isa = PBXFileReference; lastKnownFileType = file.storyboard; name = Base; path = Base.lproj/LaunchScreen.storyboard; sourceTree = "<group>"; };
		83FF227923028EF5002549F0 /* Info.plist */ = {isa = PBXFileReference; lastKnownFileType = text.plist.xml; path = Info.plist; sourceTree = "<group>"; };
		83FF227E23028EF5002549F0 /* Tenth And Inter Using StructsTests.xctest */ = {isa = PBXFileReference; explicitFileType = wrapper.cfbundle; includeInIndex = 0; path = "Tenth And Inter Using StructsTests.xctest"; sourceTree = BUILT_PRODUCTS_DIR; };
		83FF228223028EF5002549F0 /* Tenth_And_Inter_Using_StructsTests.swift */ = {isa = PBXFileReference; lastKnownFileType = sourcecode.swift; path = Tenth_And_Inter_Using_StructsTests.swift; sourceTree = "<group>"; };
		83FF228423028EF5002549F0 /* Info.plist */ = {isa = PBXFileReference; lastKnownFileType = text.plist.xml; path = Info.plist; sourceTree = "<group>"; };
		83FF228923028EF5002549F0 /* Tenth And Inter Using StructsUITests.xctest */ = {isa = PBXFileReference; explicitFileType = wrapper.cfbundle; includeInIndex = 0; path = "Tenth And Inter Using StructsUITests.xctest"; sourceTree = BUILT_PRODUCTS_DIR; };
		83FF228D23028EF5002549F0 /* Tenth_And_Inter_Using_StructsUITests.swift */ = {isa = PBXFileReference; lastKnownFileType = sourcecode.swift; path = Tenth_And_Inter_Using_StructsUITests.swift; sourceTree = "<group>"; };
		83FF228F23028EF5002549F0 /* Info.plist */ = {isa = PBXFileReference; lastKnownFileType = text.plist.xml; path = Info.plist; sourceTree = "<group>"; };
		83FF229D23028F73002549F0 /* Tenth.swift */ = {isa = PBXFileReference; lastKnownFileType = sourcecode.swift; path = Tenth.swift; sourceTree = "<group>"; };
/* End PBXFileReference section */

/* Begin PBXFrameworksBuildPhase section */
		83FF226723028EF5002549F0 /* Frameworks */ = {
			isa = PBXFrameworksBuildPhase;
			buildActionMask = 2147483647;
			files = (
			);
			runOnlyForDeploymentPostprocessing = 0;
		};
		83FF227B23028EF5002549F0 /* Frameworks */ = {
			isa = PBXFrameworksBuildPhase;
			buildActionMask = 2147483647;
			files = (
			);
			runOnlyForDeploymentPostprocessing = 0;
		};
		83FF228623028EF5002549F0 /* Frameworks */ = {
			isa = PBXFrameworksBuildPhase;
			buildActionMask = 2147483647;
			files = (
			);
			runOnlyForDeploymentPostprocessing = 0;
		};
/* End PBXFrameworksBuildPhase section */

/* Begin PBXGroup section */
		83FF226123028EF5002549F0 = {
			isa = PBXGroup;
			children = (
				83FF226C23028EF5002549F0 /* Tenth And Inter Using Structs */,
				83FF228123028EF5002549F0 /* Tenth And Inter Using StructsTests */,
				83FF228C23028EF5002549F0 /* Tenth And Inter Using StructsUITests */,
				83FF226B23028EF5002549F0 /* Products */,
			);
			sourceTree = "<group>";
		};
		83FF226B23028EF5002549F0 /* Products */ = {
			isa = PBXGroup;
			children = (
				83FF226A23028EF5002549F0 /* Tenth And Inter Using Structs.app */,
				83FF227E23028EF5002549F0 /* Tenth And Inter Using StructsTests.xctest */,
				83FF228923028EF5002549F0 /* Tenth And Inter Using StructsUITests.xctest */,
			);
			name = Products;
			sourceTree = "<group>";
		};
		83FF226C23028EF5002549F0 /* Tenth And Inter Using Structs */ = {
			isa = PBXGroup;
			children = (
				83FF226D23028EF5002549F0 /* AppDelegate.swift */,
				83FF226F23028EF5002549F0 /* ViewController.swift */,
				83FF227123028EF5002549F0 /* Main.storyboard */,
				83FF227423028EF5002549F0 /* Assets.xcassets */,
				83FF227623028EF5002549F0 /* LaunchScreen.storyboard */,
				83FF227923028EF5002549F0 /* Info.plist */,
				83FF229D23028F73002549F0 /* Tenth.swift */,
				839301D02303C1D300161805 /* Inter.swift */,
			);
			path = "Tenth And Inter Using Structs";
			sourceTree = "<group>";
		};
		83FF228123028EF5002549F0 /* Tenth And Inter Using StructsTests */ = {
			isa = PBXGroup;
			children = (
				83FF228223028EF5002549F0 /* Tenth_And_Inter_Using_StructsTests.swift */,
				83FF228423028EF5002549F0 /* Info.plist */,
			);
			path = "Tenth And Inter Using StructsTests";
			sourceTree = "<group>";
		};
		83FF228C23028EF5002549F0 /* Tenth And Inter Using StructsUITests */ = {
			isa = PBXGroup;
			children = (
				83FF228D23028EF5002549F0 /* Tenth_And_Inter_Using_StructsUITests.swift */,
				83FF228F23028EF5002549F0 /* Info.plist */,
			);
			path = "Tenth And Inter Using StructsUITests";
			sourceTree = "<group>";
		};
/* End PBXGroup section */

/* Begin PBXNativeTarget section */
		83FF226923028EF5002549F0 /* Tenth And Inter Using Structs */ = {
			isa = PBXNativeTarget;
			buildConfigurationList = 83FF229223028EF5002549F0 /* Build configuration list for PBXNativeTarget "Tenth And Inter Using Structs" */;
			buildPhases = (
				83FF226623028EF5002549F0 /* Sources */,
				83FF226723028EF5002549F0 /* Frameworks */,
				83FF226823028EF5002549F0 /* Resources */,
			);
			buildRules = (
			);
			dependencies = (
			);
			name = "Tenth And Inter Using Structs";
			productName = "Tenth And Inter Using Structs";
			productReference = 83FF226A23028EF5002549F0 /* Tenth And Inter Using Structs.app */;
			productType = "com.apple.product-type.application";
		};
		83FF227D23028EF5002549F0 /* Tenth And Inter Using StructsTests */ = {
			isa = PBXNativeTarget;
			buildConfigurationList = 83FF229523028EF5002549F0 /* Build configuration list for PBXNativeTarget "Tenth And Inter Using StructsTests" */;
			buildPhases = (
				83FF227A23028EF5002549F0 /* Sources */,
				83FF227B23028EF5002549F0 /* Frameworks */,
				83FF227C23028EF5002549F0 /* Resources */,
			);
			buildRules = (
			);
			dependencies = (
				83FF228023028EF5002549F0 /* PBXTargetDependency */,
			);
			name = "Tenth And Inter Using StructsTests";
			productName = "Tenth And Inter Using StructsTests";
			productReference = 83FF227E23028EF5002549F0 /* Tenth And Inter Using StructsTests.xctest */;
			productType = "com.apple.product-type.bundle.unit-test";
		};
		83FF228823028EF5002549F0 /* Tenth And Inter Using StructsUITests */ = {
			isa = PBXNativeTarget;
			buildConfigurationList = 83FF229823028EF5002549F0 /* Build configuration list for PBXNativeTarget "Tenth And Inter Using StructsUITests" */;
			buildPhases = (
				83FF228523028EF5002549F0 /* Sources */,
				83FF228623028EF5002549F0 /* Frameworks */,
				83FF228723028EF5002549F0 /* Resources */,
			);
			buildRules = (
			);
			dependencies = (
				83FF228B23028EF5002549F0 /* PBXTargetDependency */,
			);
			name = "Tenth And Inter Using StructsUITests";
			productName = "Tenth And Inter Using StructsUITests";
			productReference = 83FF228923028EF5002549F0 /* Tenth And Inter Using StructsUITests.xctest */;
			productType = "com.apple.product-type.bundle.ui-testing";
		};
/* End PBXNativeTarget section */

/* Begin PBXProject section */
		83FF226223028EF5002549F0 /* Project object */ = {
			isa = PBXProject;
			attributes = {
				LastSwiftUpdateCheck = 0920;
				LastUpgradeCheck = 0920;
				ORGANIZATIONNAME = "Syed.Reshma Ruksana";
				TargetAttributes = {
					83FF226923028EF5002549F0 = {
						CreatedOnToolsVersion = 9.2;
						ProvisioningStyle = Automatic;
					};
					83FF227D23028EF5002549F0 = {
						CreatedOnToolsVersion = 9.2;
						ProvisioningStyle = Automatic;
						TestTargetID = 83FF226923028EF5002549F0;
					};
					83FF228823028EF5002549F0 = {
						CreatedOnToolsVersion = 9.2;
						ProvisioningStyle = Automatic;
						TestTargetID = 83FF226923028EF5002549F0;
					};
				};
			};
			buildConfigurationList = 83FF226523028EF5002549F0 /* Build configuration list for PBXProject "Tenth And Inter Using Structs" */;
			compatibilityVersion = "Xcode 8.0";
			developmentRegion = en;
			hasScannedForEncodings = 0;
			knownRegions = (
				en,
				Base,
			);
			mainGroup = 83FF226123028EF5002549F0;
			productRefGroup = 83FF226B23028EF5002549F0 /* Products */;
			projectDirPath = "";
			projectRoot = "";
			targets = (
				83FF226923028EF5002549F0 /* Tenth And Inter Using Structs */,
				83FF227D23028EF5002549F0 /* Tenth And Inter Using StructsTests */,
				83FF228823028EF5002549F0 /* Tenth And Inter Using StructsUITests */,
			);
		};
/* End PBXProject section */

/* Begin PBXResourcesBuildPhase section */
		83FF226823028EF5002549F0 /* Resources */ = {
			isa = PBXResourcesBuildPhase;
			buildActionMask = 2147483647;
			files = (
				83FF227823028EF5002549F0 /* LaunchScreen.storyboard in Resources */,
				83FF227523028EF5002549F0 /* Assets.xcassets in Resources */,
				83FF227323028EF5002549F0 /* Main.storyboard in Resources */,
			);
			runOnlyForDeploymentPostprocessing = 0;
		};
		83FF227C23028EF5002549F0 /* Resources */ = {
			isa = PBXResourcesBuildPhase;
			buildActionMask = 2147483647;
			files = (
			);
			runOnlyForDeploymentPostprocessing = 0;
		};
		83FF228723028EF5002549F0 /* Resources */ = {
			isa = PBXResourcesBuildPhase;
			buildActionMask = 2147483647;
			files = (
			);
			runOnlyForDeploymentPostprocessing = 0;
		};
/* End PBXResourcesBuildPhase section */

/* Begin PBXSourcesBuildPhase section */
		83FF226623028EF5002549F0 /* Sources */ = {
			isa = PBXSourcesBuildPhase;
			buildActionMask = 2147483647;
			files = (
				839301D12303C1D300161805 /* Inter.swift in Sources */,
				83FF229E23028F73002549F0 /* Tenth.swift in Sources */,
				83FF227023028EF5002549F0 /* ViewController.swift in Sources */,
				83FF226E23028EF5002549F0 /* AppDelegate.swift in Sources */,
			);
			runOnlyForDeploymentPostprocessing = 0;
		};
		83FF227A23028EF5002549F0 /* Sources */ = {
			isa = PBXSourcesBuildPhase;
			buildActionMask = 2147483647;
			files = (
				83FF228323028EF5002549F0 /* Tenth_And_Inter_Using_StructsTests.swift in Sources */,
			);
			runOnlyForDeploymentPostprocessing = 0;
		};
		83FF228523028EF5002549F0 /* Sources */ = {
			isa = PBXSourcesBuildPhase;
			buildActionMask = 2147483647;
			files = (
				83FF228E23028EF5002549F0 /* Tenth_And_Inter_Using_StructsUITests.swift in Sources */,
			);
			runOnlyForDeploymentPostprocessing = 0;
		};
/* End PBXSourcesBuildPhase section */

/* Begin PBXTargetDependency section */
		83FF228023028EF5002549F0 /* PBXTargetDependency */ = {
			isa = PBXTargetDependency;
			target = 83FF226923028EF5002549F0 /* Tenth And Inter Using Structs */;
			targetProxy = 83FF227F23028EF5002549F0 /* PBXContainerItemProxy */;
		};
		83FF228B23028EF5002549F0 /* PBXTargetDependency */ = {
			isa = PBXTargetDependency;
			target = 83FF226923028EF5002549F0 /* Tenth And Inter Using Structs */;
			targetProxy = 83FF228A23028EF5002549F0 /* PBXContainerItemProxy */;
		};
/* End PBXTargetDependency section */

/* Begin PBXVariantGroup section */
		83FF227123028EF5002549F0 /* Main.storyboard */ = {
			isa = PBXVariantGroup;
			children = (
				83FF227223028EF5002549F0 /* Base */,
			);
			name = Main.storyboard;
			sourceTree = "<group>";
		};
		83FF227623028EF5002549F0 /* LaunchScreen.storyboard */ = {
			isa = PBXVariantGroup;
			children = (
				83FF227723028EF5002549F0 /* Base */,
			);
			name = LaunchScreen.storyboard;
			sourceTree = "<group>";
		};
/* End PBXVariantGroup section */

/* Begin XCBuildConfiguration section */
		83FF229023028EF5002549F0 /* Debug */ = {
			isa = XCBuildConfiguration;
			buildSettings = {
				ALWAYS_SEARCH_USER_PATHS = NO;
				CLANG_ANALYZER_NONNULL = YES;
				CLANG_ANALYZER_NUMBER_OBJECT_CONVERSION = YES_AGGRESSIVE;
				CLANG_CXX_LANGUAGE_STANDARD = "gnu++14";
				CLANG_CXX_LIBRARY = "libc++";
				CLANG_ENABLE_MODULES = YES;
				CLANG_ENABLE_OBJC_ARC = YES;
				CLANG_WARN_BLOCK_CAPTURE_AUTORELEASING = YES;
				CLANG_WARN_BOOL_CONVERSION = YES;
				CLANG_WARN_COMMA = YES;
				CLANG_WARN_CONSTANT_CONVERSION = YES;
				CLANG_WARN_DIRECT_OBJC_ISA_USAGE = YES_ERROR;
				CLANG_WARN_DOCUMENTATION_COMMENTS = YES;
				CLANG_WARN_EMPTY_BODY = YES;
				CLANG_WARN_ENUM_CONVERSION = YES;
				CLANG_WARN_INFINITE_RECURSION = YES;
				CLANG_WARN_INT_CONVERSION = YES;
				CLANG_WARN_NON_LITERAL_NULL_CONVERSION = YES;
				CLANG_WARN_OBJC_LITERAL_CONVERSION = YES;
				CLANG_WARN_OBJC_ROOT_CLASS = YES_ERROR;
				CLANG_WARN_RANGE_LOOP_ANALYSIS = YES;
				CLANG_WARN_STRICT_PROTOTYPES = YES;
				CLANG_WARN_SUSPICIOUS_MOVE = YES;
				CLANG_WARN_UNGUARDED_AVAILABILITY = YES_AGGRESSIVE;
				CLANG_WARN_UNREACHABLE_CODE = YES;
				CLANG_WARN__DUPLICATE_METHOD_MATCH = YES;
				CODE_SIGN_IDENTITY = "iPhone Developer";
				COPY_PHASE_STRIP = NO;
				DEBUG_INFORMATION_FORMAT = dwarf;
				ENABLE_STRICT_OBJC_MSGSEND = YES;
				ENABLE_TESTABILITY = YES;
				GCC_C_LANGUAGE_STANDARD = gnu11;
				GCC_DYNAMIC_NO_PIC = NO;
				GCC_NO_COMMON_BLOCKS = YES;
				GCC_OPTIMIZATION_LEVEL = 0;
				GCC_PREPROCESSOR_DEFINITIONS = (
					"DEBUG=1",
					"$(inherited)",
				);
				GCC_WARN_64_TO_32_BIT_CONVERSION = YES;
				GCC_WARN_ABOUT_RETURN_TYPE = YES_ERROR;
				GCC_WARN_UNDECLARED_SELECTOR = YES;
				GCC_WARN_UNINITIALIZED_AUTOS = YES_AGGRESSIVE;
				GCC_WARN_UNUSED_FUNCTION = YES;
				GCC_WARN_UNUSED_VARIABLE = YES;
				IPHONEOS_DEPLOYMENT_TARGET = 11.2;
				MTL_ENABLE_DEBUG_INFO = YES;
				ONLY_ACTIVE_ARCH = YES;
				SDKROOT = iphoneos;
				SWIFT_ACTIVE_COMPILATION_CONDITIONS = DEBUG;
				SWIFT_OPTIMIZATION_LEVEL = "-Onone";
			};
			name = Debug;
		};
		83FF229123028EF5002549F0 /* Release */ = {
			isa = XCBuildConfiguration;
			buildSettings = {
				ALWAYS_SEARCH_USER_PATHS = NO;
				CLANG_ANALYZER_NONNULL = YES;
				CLANG_ANALYZER_NUMBER_OBJECT_CONVERSION = YES_AGGRESSIVE;
				CLANG_CXX_LANGUAGE_STANDARD = "gnu++14";
				CLANG_CXX_LIBRARY = "libc++";
				CLANG_ENABLE_MODULES = YES;
				CLANG_ENABLE_OBJC_ARC = YES;
				CLANG_WARN_BLOCK_CAPTURE_AUTORELEASING = YES;
				CLANG_WARN_BOOL_CONVERSION = YES;
				CLANG_WARN_COMMA = YES;
				CLANG_WARN_CONSTANT_CONVERSION = YES;
				CLANG_WARN_DIRECT_OBJC_ISA_USAGE = YES_ERROR;
				CLANG_WARN_DOCUMENTATION_COMMENTS = YES;
				CLANG_WARN_EMPTY_BODY = YES;
				CLANG_WARN_ENUM_CONVERSION = YES;
				CLANG_WARN_INFINITE_RECURSION = YES;
				CLANG_WARN_INT_CONVERSION = YES;
				CLANG_WARN_NON_LITERAL_NULL_CONVERSION = YES;
				CLANG_WARN_OBJC_LITERAL_CONVERSION = YES;
				CLANG_WARN_OBJC_ROOT_CLASS = YES_ERROR;
				CLANG_WARN_RANGE_LOOP_ANALYSIS = YES;
				CLANG_WARN_STRICT_PROTOTYPES = YES;
				CLANG_WARN_SUSPICIOUS_MOVE = YES;
				CLANG_WARN_UNGUARDED_AVAILABILITY = YES_AGGRESSIVE;
				CLANG_WARN_UNREACHABLE_CODE = YES;
				CLANG_WARN__DUPLICATE_METHOD_MATCH = YES;
				CODE_SIGN_IDENTITY = "iPhone Developer";
				COPY_PHASE_STRIP = NO;
				DEBUG_INFORMATION_FORMAT = "dwarf-with-dsym";
				ENABLE_NS_ASSERTIONS = NO;
				ENABLE_STRICT_OBJC_MSGSEND = YES;
				GCC_C_LANGUAGE_STANDARD = gnu11;
				GCC_NO_COMMON_BLOCKS = YES;
				GCC_WARN_64_TO_32_BIT_CONVERSION = YES;
				GCC_WARN_ABOUT_RETURN_TYPE = YES_ERROR;
				GCC_WARN_UNDECLARED_SELECTOR = YES;
				GCC_WARN_UNINITIALIZED_AUTOS = YES_AGGRESSIVE;
				GCC_WARN_UNUSED_FUNCTION = YES;
				GCC_WARN_UNUSED_VARIABLE = YES;
				IPHONEOS_DEPLOYMENT_TARGET = 11.2;
				MTL_ENABLE_DEBUG_INFO = NO;
				SDKROOT = iphoneos;
				SWIFT_OPTIMIZATION_LEVEL = "-Owholemodule";
				VALIDATE_PRODUCT = YES;
			};
			name = Release;
		};
		83FF229323028EF5002549F0 /* Debug */ = {
			isa = XCBuildConfiguration;
			buildSettings = {
				ASSETCATALOG_COMPILER_APPICON_NAME = AppIcon;
				CODE_SIGN_STYLE = Automatic;
				INFOPLIST_FILE = "Tenth And Inter Using Structs/Info.plist";
				LD_RUNPATH_SEARCH_PATHS = "$(inherited) @executable_path/Frameworks";
				PRODUCT_BUNDLE_IDENTIFIER = "BRN.Tenth-And-Inter-Using-Structs";
				PRODUCT_NAME = "$(TARGET_NAME)";
				SWIFT_VERSION = 4.0;
				TARGETED_DEVICE_FAMILY = "1,2";
			};
			name = Debug;
		};
		83FF229423028EF5002549F0 /* Release */ = {
			isa = XCBuildConfiguration;
			buildSettings = {
				ASSETCATALOG_COMPILER_APPICON_NAME = AppIcon;
				CODE_SIGN_STYLE = Automatic;
				INFOPLIST_FILE = "Tenth And Inter Using Structs/Info.plist";
				LD_RUNPATH_SEARCH_PATHS = "$(inherited) @executable_path/Frameworks";
				PRODUCT_BUNDLE_IDENTIFIER = "BRN.Tenth-And-Inter-Using-Structs";
				PRODUCT_NAME = "$(TARGET_NAME)";
				SWIFT_VERSION = 4.0;
				TARGETED_DEVICE_FAMILY = "1,2";
			};
			name = Release;
		};
		83FF229623028EF5002549F0 /* Debug */ = {
			isa = XCBuildConfiguration;
			buildSettings = {
				ALWAYS_EMBED_SWIFT_STANDARD_LIBRARIES = YES;
				BUNDLE_LOADER = "$(TEST_HOST)";
				CODE_SIGN_STYLE = Automatic;
				INFOPLIST_FILE = "Tenth And Inter Using StructsTests/Info.plist";
				LD_RUNPATH_SEARCH_PATHS = "$(inherited) @executable_path/Frameworks @loader_path/Frameworks";
				PRODUCT_BUNDLE_IDENTIFIER = "BRN.Tenth-And-Inter-Using-StructsTests";
				PRODUCT_NAME = "$(TARGET_NAME)";
				SWIFT_VERSION = 4.0;
				TARGETED_DEVICE_FAMILY = "1,2";
				TEST_HOST = "$(BUILT_PRODUCTS_DIR)/Tenth And Inter Using Structs.app/Tenth And Inter Using Structs";
			};
			name = Debug;
		};
		83FF229723028EF5002549F0 /* Release */ = {
			isa = XCBuildConfiguration;
			buildSettings = {
				ALWAYS_EMBED_SWIFT_STANDARD_LIBRARIES = YES;
				BUNDLE_LOADER = "$(TEST_HOST)";
				CODE_SIGN_STYLE = Automatic;
				INFOPLIST_FILE = "Tenth And Inter Using StructsTests/Info.plist";
				LD_RUNPATH_SEARCH_PATHS = "$(inherited) @executable_path/Frameworks @loader_path/Frameworks";
				PRODUCT_BUNDLE_IDENTIFIER = "BRN.Tenth-And-Inter-Using-StructsTests";
				PRODUCT_NAME = "$(TARGET_NAME)";
				SWIFT_VERSION = 4.0;
				TARGETED_DEVICE_FAMILY = "1,2";
				TEST_HOST = "$(BUILT_PRODUCTS_DIR)/Tenth And Inter Using Structs.app/Tenth And Inter Using Structs";
			};
			name = Release;
		};
		83FF229923028EF5002549F0 /* Debug */ = {
			isa = XCBuildConfiguration;
			buildSettings = {
				ALWAYS_EMBED_SWIFT_STANDARD_LIBRARIES = YES;
				CODE_SIGN_STYLE = Automatic;
				INFOPLIST_FILE = "Tenth And Inter Using StructsUITests/Info.plist";
				LD_RUNPATH_SEARCH_PATHS = "$(inherited) @executable_path/Frameworks @loader_path/Frameworks";
				PRODUCT_BUNDLE_IDENTIFIER = "BRN.Tenth-And-Inter-Using-StructsUITests";
				PRODUCT_NAME = "$(TARGET_NAME)";
				SWIFT_VERSION = 4.0;
				TARGETED_DEVICE_FAMILY = "1,2";
				TEST_TARGET_NAME = "Tenth And Inter Using Structs";
			};
			name = Debug;
		};
		83FF229A23028EF5002549F0 /* Release */ = {
			isa = XCBuildConfiguration;
			buildSettings = {
				ALWAYS_EMBED_SWIFT_STANDARD_LIBRARIES = YES;
				CODE_SIGN_STYLE = Automatic;
				INFOPLIST_FILE = "Tenth And Inter Using StructsUITests/Info.plist";
				LD_RUNPATH_SEARCH_PATHS = "$(inherited) @executable_path/Frameworks @loader_path/Frameworks";
				PRODUCT_BUNDLE_IDENTIFIER = "BRN.Tenth-And-Inter-Using-StructsUITests";
				PRODUCT_NAME = "$(TARGET_NAME)";
				SWIFT_VERSION = 4.0;
				TARGETED_DEVICE_FAMILY = "1,2";
				TEST_TARGET_NAME = "Tenth And Inter Using Structs";
			};
			name = Release;
		};
/* End XCBuildConfiguration section */

/* Begin XCConfigurationList section */
		83FF226523028EF5002549F0 /* Build configuration list for PBXProject "Tenth And Inter Using Structs" */ = {
			isa = XCConfigurationList;
			buildConfigurations = (
				83FF229023028EF5002549F0 /* Debug */,
				83FF229123028EF5002549F0 /* Release */,
			);
			defaultConfigurationIsVisible = 0;
			defaultConfigurationName = Release;
		};
		83FF229223028EF5002549F0 /* Build configuration list for PBXNativeTarget "Tenth And Inter Using Structs" */ = {
			isa = XCConfigurationList;
			buildConfigurations = (
				83FF229323028EF5002549F0 /* Debug */,
				83FF229423028EF5002549F0 /* Release */,
			);
			defaultConfigurationIsVisible = 0;
			defaultConfigurationName = Release;
		};
		83FF229523028EF5002549F0 /* Build configuration list for PBXNativeTarget "Tenth And Inter Using StructsTests" */ = {
			isa = XCConfigurationList;
			buildConfigurations = (
				83FF229623028EF5002549F0 /* Debug */,
				83FF229723028EF5002549F0 /* Release */,
			);
			defaultConfigurationIsVisible = 0;
			defaultConfigurationName = Release;
		};
		83FF229823028EF5002549F0 /* Build configuration list for PBXNativeTarget "Tenth And Inter Using StructsUITests" */ = {
			isa = XCConfigurationList;
			buildConfigurations = (
				83FF229923028EF5002549F0 /* Debug */,
				83FF229A23028EF5002549F0 /* Release */,
			);
			defaultConfigurationIsVisible = 0;
			defaultConfigurationName = Release;
		};
/* End XCConfigurationList section */
	};
	rootObject = 83FF226223028EF5002549F0 /* Project object */;
}
